
Microsoft Visual Studio Solution File, Format Version 12.00
# Visual Studio 14
VisualStudioVersion = 14.0.23107.0
MinimumVisualStudioVersion = 10.0.40219.1
Project("{FAE04EC0-301F-11D3-BF4B-00C04F79EFBC}") = "Algo", "Algo\Algo.csproj", "{66930DF6-5620-476B-9D2A-D049B4CB698A}"
EndProject
Global
	GlobalSection(SolutionConfigurationPlatforms) = preSolution
		Debug|Any CPU = Debug|Any CPU
		Release|Any CPU = Release|Any CPU
	EndGlobalSection
	GlobalSection(ProjectConfigurationPlatforms) = postSolution
		{66930DF6-5620-476B-9D2A-D049B4CB698A}.Debug|Any CPU.ActiveCfg = Debug|Any CPU
		{66930DF6-5620-476B-9D2A-D049B4CB698A}.Debug|Any CPU.Build.0 = Debug|Any CPU
		{66930DF6-5620-476B-9D2A-D049B4CB698A}.Release|Any CPU.ActiveCfg = Release|Any CPU
		{66930DF6-5620-476B-9D2A-D049B4CB698A}.Release|Any CPU.Build.0 = Release|Any CPU
	EndGlobalSection
	GlobalSection(SolutionProperties) = preSolution
		HideSolutionNode = FALSE
	EndGlobalSection
EndGlobal
